
Microsoft Visual Studio Solution File, Format Version 12.00
# Visual Studio Version 17
VisualStudioVersion = 17.4.33213.308
MinimumVisualStudioVersion = 10.0.40219.1
Project("{FAE04EC0-301F-11D3-BF4B-00C04F79EFBC}") = "Domain", "Domain\Domain.csproj", "{5004457A-0B07-433C-A96B-6C7AC2BD77D2}"
EndProject
Project("{FAE04EC0-301F-11D3-BF4B-00C04F79EFBC}") = "Infrastructure", "Infrastructure\Infrastructure.csproj", "{777D0CC8-E265-4826-A8FA-2D5B73EE9A7B}"
EndProject
Project("{FAE04EC0-301F-11D3-BF4B-00C04F79EFBC}") = "WebAPI", "WebAPI\WebAPI.csproj", "{A59E2C01-5B1A-4494-A6E7-7DE72BF1E330}"
EndProject
Global
	GlobalSection(SolutionConfigurationPlatforms) = preSolution
		Debug|Any CPU = Debug|Any CPU
		Release|Any CPU = Release|Any CPU
	EndGlobalSection
	GlobalSection(ProjectConfigurationPlatforms) = postSolution
		{5004457A-0B07-433C-A96B-6C7AC2BD77D2}.Debug|Any CPU.ActiveCfg = Debug|Any CPU
		{5004457A-0B07-433C-A96B-6C7AC2BD77D2}.Debug|Any CPU.Build.0 = Debug|Any CPU
		{5004457A-0B07-433C-A96B-6C7AC2BD77D2}.Release|Any CPU.ActiveCfg = Release|Any CPU
		{5004457A-0B07-433C-A96B-6C7AC2BD77D2}.Release|Any CPU.Build.0 = Release|Any CPU
		{777D0CC8-E265-4826-A8FA-2D5B73EE9A7B}.Debug|Any CPU.ActiveCfg = Debug|Any CPU
		{777D0CC8-E265-4826-A8FA-2D5B73EE9A7B}.Debug|Any CPU.Build.0 = Debug|Any CPU
		{777D0CC8-E265-4826-A8FA-2D5B73EE9A7B}.Release|Any CPU.ActiveCfg = Release|Any CPU
		{777D0CC8-E265-4826-A8FA-2D5B73EE9A7B}.Release|Any CPU.Build.0 = Release|Any CPU
		{A59E2C01-5B1A-4494-A6E7-7DE72BF1E330}.Debug|Any CPU.ActiveCfg = Debug|Any CPU
		{A59E2C01-5B1A-4494-A6E7-7DE72BF1E330}.Debug|Any CPU.Build.0 = Debug|Any CPU
		{A59E2C01-5B1A-4494-A6E7-7DE72BF1E330}.Release|Any CPU.ActiveCfg = Release|Any CPU
		{A59E2C01-5B1A-4494-A6E7-7DE72BF1E330}.Release|Any CPU.Build.0 = Release|Any CPU
	EndGlobalSection
	GlobalSection(SolutionProperties) = preSolution
		HideSolutionNode = FALSE
	EndGlobalSection
	GlobalSection(ExtensibilityGlobals) = postSolution
		SolutionGuid = {36500B74-03B3-4353-AD8A-DCEAD8DA003B}
	EndGlobalSection
EndGlobal
